hash: 24a598fa66a8241e793964d2cf06615ce7ad27938918fa07ec5cd0e207d7c49a
updated: 2018-06-05T18:39:57.317585137+01:00
imports:
- name: github.com/dgraph-io/badger
  version: 69611218c7078be6de16f4ea13fb256e701b6b73
- name: github.com/gorilla/mux
  version: 24fca303ac6da784b9e8269f724ddeb0b2eea5e7
- name: github.com/sirupsen/logrus
  version: ea8897e79973357ba785ac2533559a6297e83c44
- name: github.com/stretchr/testify
  version: 12b6f73e6084dad08a7c6e575284b177ecafbc71
- name: gopkg.in/urfave/cli.v1
  version: cfb38830724cc34fedffe9a2a29fb54fa9169cd1
testImports: []
